
Microsoft Visual Studio Solution File, Format Version 12.00
# Visual Studio Version 17
VisualStudioVersion = 17.5.33627.172
MinimumVisualStudioVersion = 10.0.40219.1
Project("{FAE04EC0-301F-11D3-BF4B-00C04F79EFBC}") = "HelpDesk", "HelpDesk\HelpDesk.csproj", "{B249E7D6-538C-4A72-8948-20911BB78E02}"
EndProject
Global
	GlobalSection(SolutionConfigurationPlatforms) = preSolution
		Debug|Any CPU = Debug|Any CPU
		Release|Any CPU = Release|Any CPU
	EndGlobalSection
	GlobalSection(ProjectConfigurationPlatforms) = postSolution
		{B249E7D6-538C-4A72-8948-20911BB78E02}.Debug|Any CPU.ActiveCfg = Debug|Any CPU
		{B249E7D6-538C-4A72-8948-20911BB78E02}.Debug|Any CPU.Build.0 = Debug|Any CPU
		{B249E7D6-538C-4A72-8948-20911BB78E02}.Release|Any CPU.ActiveCfg = Release|Any CPU
		{B249E7D6-538C-4A72-8948-20911BB78E02}.Release|Any CPU.Build.0 = Release|Any CPU
	EndGlobalSection
	GlobalSection(SolutionProperties) = preSolution
		HideSolutionNode = FALSE
	EndGlobalSection
	GlobalSection(ExtensibilityGlobals) = postSolution
		SolutionGuid = {2E8BD4C1-ED94-49F1-B12E-B34FE0952B66}
	EndGlobalSection
EndGlobal
